// !$*UTF8*$!
{
	archiveVersion = 1;
	classes = {
	};
	objectVersion = 46;
	objects = {

/* Begin PBXBuildFile section */
		2268576314F4F640003F19EF /* License.txt in Resources */ = {isa = PBXBuildFile; fileRef = 2268576214F4F640003F19EF /* License.txt */; };
		227F964914DD7235007D9993 /* UIKit.framework in Frameworks */ = {isa = PBXBuildFile; fileRef = 227F964814DD7235007D9993 /* UIKit.framework */; };
		227F964B14DD7235007D9993 /* Foundation.framework in Frameworks */ = {isa = PBXBuildFile; fileRef = 227F964A14DD7235007D9993 /* Foundation.framework */; };
		227F964D14DD7235007D9993 /* CoreGraphics.framework in Frameworks */ = {isa = PBXBuildFile; fileRef = 227F964C14DD7235007D9993 /* CoreGraphics.framework */; };
		227F965314DD7235007D9993 /* InfoPlist.strings in Resources */ = {isa = PBXBuildFile; fileRef = 227F965114DD7235007D9993 /* InfoPlist.strings */; };
		227F965514DD7235007D9993 /* main.m in Sources */ = {isa = PBXBuildFile; fileRef = 227F965414DD7235007D9993 /* main.m */; };
		227F965914DD7235007D9993 /* BNAppDelegate.m in Sources */ = {isa = PBXBuildFile; fileRef = 227F965814DD7235007D9993 /* BNAppDelegate.m */; };
		227F965C14DD7235007D9993 /* BNViewController.m in Sources */ = {isa = PBXBuildFile; fileRef = 227F965B14DD7235007D9993 /* BNViewController.m */; };
		227F965F14DD7235007D9993 /* BNViewController.xib in Resources */ = {isa = PBXBuildFile; fileRef = 227F965D14DD7235007D9993 /* BNViewController.xib */; };
		227F966B14DD72B3007D9993 /* BNName.m in Sources */ = {isa = PBXBuildFile; fileRef = 227F966A14DD72B3007D9993 /* BNName.m */; };
		227F967814DD7928007D9993 /* BNDetailViewController.m in Sources */ = {isa = PBXBuildFile; fileRef = 227F967614DD7927007D9993 /* BNDetailViewController.m */; };
		227F967914DD7928007D9993 /* BNDetailViewController.xib in Resources */ = {isa = PBXBuildFile; fileRef = 227F967714DD7927007D9993 /* BNDetailViewController.xib */; };
		227F968014DD7DF1007D9993 /* icon5.png in Resources */ = {isa = PBXBuildFile; fileRef = 227F967B14DD7DF1007D9993 /* icon5.png */; };
		227F968114DD7DF1007D9993 /* icon4.png in Resources */ = {isa = PBXBuildFile; fileRef = 227F967C14DD7DF1007D9993 /* icon4.png */; };
		227F968214DD7DF1007D9993 /* icon3.png in Resources */ = {isa = PBXBuildFile; fileRef = 227F967D14DD7DF1007D9993 /* icon3.png */; };
		227F968314DD7DF1007D9993 /* icon2.png in Resources */ = {isa = PBXBuildFile; fileRef = 227F967E14DD7DF1007D9993 /* icon2.png */; };
		227F968414DD7DF1007D9993 /* icon1.png in Resources */ = {isa = PBXBuildFile; fileRef = 227F967F14DD7DF1007D9993 /* icon1.png */; };
/* End PBXBuildFile section */

/* Begin PBXFileReference section */
		2268576214F4F640003F19EF /* License.txt */ = {isa = PBXFileReference; fileEncoding = 4; lastKnownFileType = text; path = License.txt; sourceTree = "<group>"; };
		227F964414DD7235007D9993 /* BabyNames.app */ = {isa = PBXFileReference; explicitFileType = wrapper.application; includeInIndex = 0; path = BabyNames.app; sourceTree = BUILT_PRODUCTS_DIR; };
		227F964814DD7235007D9993 /* UIKit.framework */ = {isa = PBXFileReference; lastKnownFileType = wrapper.framework; name = UIKit.framework; path = System/Library/Frameworks/UIKit.framework; sourceTree = SDKROOT; };
		227F964A14DD7235007D9993 /* Foundation.framework */ = {isa = PBXFileReference; lastKnownFileType = wrapper.framework; name = Foundation.framework; path = System/Library/Frameworks/Foundation.framework; sourceTree = SDKROOT; };
		227F964C14DD7235007D9993 /* CoreGraphics.framework */ = {isa = PBXFileReference; lastKnownFileType = wrapper.framework; name = CoreGraphics.framework; path = System/Library/Frameworks/CoreGraphics.framework; sourceTree = SDKROOT; };
		227F965014DD7235007D9993 /* BabyNames-Info.plist */ = {isa = PBXFileReference; lastKnownFileType = text.plist.xml; path = "BabyNames-Info.plist"; sourceTree = "<group>"; };
		227F965214DD7235007D9993 /* en */ = {isa = PBXFileReference; lastKnownFileType = text.plist.strings; name = en; path = en.lproj/InfoPlist.strings; sourceTree = "<group>"; };
		227F965414DD7235007D9993 /* main.m */ = {isa = PBXFileReference; lastKnownFileType = sourcecode.c.objc; path = main.m; sourceTree = "<group>"; };
		227F965614DD7235007D9993 /* BabyNames-Prefix.pch */ = {isa = PBXFileReference; lastKnownFileType = sourcecode.c.h; path = "BabyNames-Prefix.pch"; sourceTree = "<group>"; };
		227F965714DD7235007D9993 /* BNAppDelegate.h */ = {isa = PBXFileReference; lastKnownFileType = sourcecode.c.h; path = BNAppDelegate.h; sourceTree = "<group>"; };
		227F965814DD7235007D9993 /* BNAppDelegate.m */ = {isa = PBXFileReference; lastKnownFileType = sourcecode.c.objc; path = BNAppDelegate.m; sourceTree = "<group>"; };
		227F965A14DD7235007D9993 /* BNViewController.h */ = {isa = PBXFileReference; lastKnownFileType = sourcecode.c.h; path = BNViewController.h; sourceTree = "<group>"; };
		227F965B14DD7235007D9993 /* BNViewController.m */ = {isa = PBXFileReference; lastKnownFileType = sourcecode.c.objc; path = BNViewController.m; sourceTree = "<group>"; };
		227F965E14DD7235007D9993 /* en */ = {isa = PBXFileReference; lastKnownFileType = file.xib; name = en; path = en.lproj/BNViewController.xib; sourceTree = "<group>"; };
		227F966914DD72B3007D9993 /* BNName.h */ = {isa = PBXFileReference; fileEncoding = 4; lastKnownFileType = sourcecode.c.h; path = BNName.h; sourceTree = "<group>"; };
		227F966A14DD72B3007D9993 /* BNName.m */ = {isa = PBXFileReference; fileEncoding = 4; lastKnownFileType = sourcecode.c.objc; path = BNName.m; sourceTree = "<group>"; };
		227F967514DD7927007D9993 /* BNDetailViewController.h */ = {isa = PBXFileReference; fileEncoding = 4; lastKnownFileType = sourcecode.c.h; path = BNDetailViewController.h; sourceTree = "<group>"; };
		227F967614DD7927007D9993 /* BNDetailViewController.m */ = {isa = PBXFileReference; fileEncoding = 4; lastKnownFileType = sourcecode.c.objc; path = BNDetailViewController.m; sourceTree = "<group>"; };
		227F967714DD7927007D9993 /* BNDetailViewController.xib */ = {isa = PBXFileReference; fileEncoding = 4; lastKnownFileType = file.xib; path = BNDetailViewController.xib; sourceTree = "<group>"; };
		227F967B14DD7DF1007D9993 /* icon5.png */ = {isa = PBXFileReference; lastKnownFileType = image.png; path = icon5.png; sourceTree = "<group>"; };
		227F967C14DD7DF1007D9993 /* icon4.png */ = {isa = PBXFileReference; lastKnownFileType = image.png; path = icon4.png; sourceTree = "<group>"; };
		227F967D14DD7DF1007D9993 /* icon3.png */ = {isa = PBXFileReference; lastKnownFileType = image.png; path = icon3.png; sourceTree = "<group>"; };
		227F967E14DD7DF1007D9993 /* icon2.png */ = {isa = PBXFileReference; lastKnownFileType = image.png; path = icon2.png; sourceTree = "<group>"; };
		227F967F14DD7DF1007D9993 /* icon1.png */ = {isa = PBXFileReference; lastKnownFileType = image.png; path = icon1.png; sourceTree = "<group>"; };
/* End PBXFileReference section */

/* Begin PBXFrameworksBuildPhase section */
		227F964114DD7235007D9993 /* Frameworks */ = {
			isa = PBXFrameworksBuildPhase;
			buildActionMask = 2147483647;
			files = (
				227F964914DD7235007D9993 /* UIKit.framework in Frameworks */,
				227F964B14DD7235007D9993 /* Foundation.framework in Frameworks */,
				227F964D14DD7235007D9993 /* CoreGraphics.framework in Frameworks */,
			);
			runOnlyForDeploymentPostprocessing = 0;
		};
/* End PBXFrameworksBuildPhase section */

/* Begin PBXGroup section */
		227F963914DD7234007D9993 = {
			isa = PBXGroup;
			children = (
				2268576214F4F640003F19EF /* License.txt */,
				227F964E14DD7235007D9993 /* BabyNames */,
				227F964714DD7235007D9993 /* Frameworks */,
				227F964514DD7235007D9993 /* Products */,
			);
			sourceTree = "<group>";
		};
		227F964514DD7235007D9993 /* Products */ = {
			isa = PBXGroup;
			children = (
				227F964414DD7235007D9993 /* BabyNames.app */,
			);
			name = Products;
			sourceTree = "<group>";
		};
		227F964714DD7235007D9993 /* Frameworks */ = {
			isa = PBXGroup;
			children = (
				227F964814DD7235007D9993 /* UIKit.framework */,
				227F964A14DD7235007D9993 /* Foundation.framework */,
				227F964C14DD7235007D9993 /* CoreGraphics.framework */,
			);
			name = Frameworks;
			sourceTree = "<group>";
		};
		227F964E14DD7235007D9993 /* BabyNames */ = {
			isa = PBXGroup;
			children = (
				227F966514DD723F007D9993 /* Models */,
				227F966614DD7249007D9993 /* App Controllers */,
				227F966714DD7254007D9993 /* View Controllers */,
				227F966814DD7261007D9993 /* Views */,
				227F967A14DD7DC9007D9993 /* Assets */,
				227F964F14DD7235007D9993 /* Supporting Files */,
			);
			path = BabyNames;
			sourceTree = "<group>";
		};
		227F964F14DD7235007D9993 /* Supporting Files */ = {
			isa = PBXGroup;
			children = (
				227F965014DD7235007D9993 /* BabyNames-Info.plist */,
				227F965114DD7235007D9993 /* InfoPlist.strings */,
				227F965414DD7235007D9993 /* main.m */,
				227F965614DD7235007D9993 /* BabyNames-Prefix.pch */,
			);
			name = "Supporting Files";
			sourceTree = "<group>";
		};
		227F966514DD723F007D9993 /* Models */ = {
			isa = PBXGroup;
			children = (
				227F966914DD72B3007D9993 /* BNName.h */,
				227F966A14DD72B3007D9993 /* BNName.m */,
			);
			name = Models;
			sourceTree = "<group>";
		};
		227F966614DD7249007D9993 /* App Controllers */ = {
			isa = PBXGroup;
			children = (
				227F965714DD7235007D9993 /* BNAppDelegate.h */,
				227F965814DD7235007D9993 /* BNAppDelegate.m */,
			);
			name = "App Controllers";
			sourceTree = "<group>";
		};
		227F966714DD7254007D9993 /* View Controllers */ = {
			isa = PBXGroup;
			children = (
				227F965A14DD7235007D9993 /* BNViewController.h */,
				227F965B14DD7235007D9993 /* BNViewController.m */,
				227F967514DD7927007D9993 /* BNDetailViewController.h */,
				227F967614DD7927007D9993 /* BNDetailViewController.m */,
			);
			name = "View Controllers";
			sourceTree = "<group>";
		};
		227F966814DD7261007D9993 /* Views */ = {
			isa = PBXGroup;
			children = (
				227F965D14DD7235007D9993 /* BNViewController.xib */,
				227F967714DD7927007D9993 /* BNDetailViewController.xib */,
			);
			name = Views;
			sourceTree = "<group>";
		};
		227F967A14DD7DC9007D9993 /* Assets */ = {
			isa = PBXGroup;
			children = (
				227F967B14DD7DF1007D9993 /* icon5.png */,
				227F967C14DD7DF1007D9993 /* icon4.png */,
				227F967D14DD7DF1007D9993 /* icon3.png */,
				227F967E14DD7DF1007D9993 /* icon2.png */,
				227F967F14DD7DF1007D9993 /* icon1.png */,
			);
			name = Assets;
			sourceTree = "<group>";
		};
/* End PBXGroup section */

/* Begin PBXNativeTarget section */
		227F964314DD7235007D9993 /* BabyNames */ = {
			isa = PBXNativeTarget;
			buildConfigurationList = 227F966214DD7235007D9993 /* Build configuration list for PBXNativeTarget "BabyNames" */;
			buildPhases = (
				227F964014DD7235007D9993 /* Sources */,
				227F964114DD7235007D9993 /* Frameworks */,
				227F964214DD7235007D9993 /* Resources */,
			);
			buildRules = (
			);
			dependencies = (
			);
			name = BabyNames;
			productName = BabyNames;
			productReference = 227F964414DD7235007D9993 /* BabyNames.app */;
			productType = "com.apple.product-type.application";
		};
/* End PBXNativeTarget section */

/* Begin PBXProject section */
		227F963B14DD7234007D9993 /* Project object */ = {
			isa = PBXProject;
			attributes = {
				LastUpgradeCheck = 0420;
			};
			buildConfigurationList = 227F963E14DD7234007D9993 /* Build configuration list for PBXProject "BabyNames" */;
			compatibilityVersion = "Xcode 3.2";
			developmentRegion = English;
			hasScannedForEncodings = 0;
			knownRegions = (
				en,
			);
			mainGroup = 227F963914DD7234007D9993;
			productRefGroup = 227F964514DD7235007D9993 /* Products */;
			projectDirPath = "";
			projectRoot = "";
			targets = (
				227F964314DD7235007D9993 /* BabyNames */,
			);
		};
/* End PBXProject section */

/* Begin PBXResourcesBuildPhase section */
		227F964214DD7235007D9993 /* Resources */ = {
			isa = PBXResourcesBuildPhase;
			buildActionMask = 2147483647;
			files = (
				227F965314DD7235007D9993 /* InfoPlist.strings in Resources */,
				227F965F14DD7235007D9993 /* BNViewController.xib in Resources */,
				227F967914DD7928007D9993 /* BNDetailViewController.xib in Resources */,
				227F968014DD7DF1007D9993 /* icon5.png in Resources */,
				227F968114DD7DF1007D9993 /* icon4.png in Resources */,
				227F968214DD7DF1007D9993 /* icon3.png in Resources */,
				227F968314DD7DF1007D9993 /* icon2.png in Resources */,
				227F968414DD7DF1007D9993 /* icon1.png in Resources */,
				2268576314F4F640003F19EF /* License.txt in Resources */,
			);
			runOnlyForDeploymentPostprocessing = 0;
		};
/* End PBXResourcesBuildPhase section */

/* Begin PBXSourcesBuildPhase section */
		227F964014DD7235007D9993 /* Sources */ = {
			isa = PBXSourcesBuildPhase;
			buildActionMask = 2147483647;
			files = (
				227F965514DD7235007D9993 /* main.m in Sources */,
				227F965914DD7235007D9993 /* BNAppDelegate.m in Sources */,
				227F965C14DD7235007D9993 /* BNViewController.m in Sources */,
				227F966B14DD72B3007D9993 /* BNName.m in Sources */,
				227F967814DD7928007D9993 /* BNDetailViewController.m in Sources */,
			);
			runOnlyForDeploymentPostprocessing = 0;
		};
/* End PBXSourcesBuildPhase section */

/* Begin PBXVariantGroup section */
		227F965114DD7235007D9993 /* InfoPlist.strings */ = {
			isa = PBXVariantGroup;
			children = (
				227F965214DD7235007D9993 /* en */,
			);
			name = InfoPlist.strings;
			sourceTree = "<group>";
		};
		227F965D14DD7235007D9993 /* BNViewController.xib */ = {
			isa = PBXVariantGroup;
			children = (
				227F965E14DD7235007D9993 /* en */,
			);
			name = BNViewController.xib;
			sourceTree = "<group>";
		};
/* End PBXVariantGroup section */

/* Begin XCBuildConfiguration section */
		227F966014DD7235007D9993 /* Debug */ = {
			isa = XCBuildConfiguration;
			buildSettings = {
				ALWAYS_SEARCH_USER_PATHS = NO;
				ARCHS = "$(ARCHS_STANDARD_32_BIT)";
				CLANG_ENABLE_OBJC_ARC = YES;
				"CODE_SIGN_IDENTITY[sdk=iphoneos*]" = "";
				COPY_PHASE_STRIP = NO;
				GCC_C_LANGUAGE_STANDARD = gnu99;
				GCC_DYNAMIC_NO_PIC = NO;
				GCC_OPTIMIZATION_LEVEL = 0;
				GCC_PREPROCESSOR_DEFINITIONS = (
					"DEBUG=1",
					"$(inherited)",
				);
				GCC_SYMBOLS_PRIVATE_EXTERN = NO;
				GCC_VERSION = com.apple.compilers.llvm.clang.1_0;
				GCC_WARN_ABOUT_MISSING_PROTOTYPES = YES;
				GCC_WARN_ABOUT_RETURN_TYPE = YES;
				GCC_WARN_UNUSED_VARIABLE = YES;
				IPHONEOS_DEPLOYMENT_TARGET = 5.0;
				SDKROOT = iphoneos;
			};
			name = Debug;
		};
		227F966114DD7235007D9993 /* Release */ = {
			isa = XCBuildConfiguration;
			buildSettings = {
				ALWAYS_SEARCH_USER_PATHS = NO;
				ARCHS = "$(ARCHS_STANDARD_32_BIT)";
				CLANG_ENABLE_OBJC_ARC = YES;
				"CODE_SIGN_IDENTITY[sdk=iphoneos*]" = "";
				COPY_PHASE_STRIP = YES;
				GCC_C_LANGUAGE_STANDARD = gnu99;
				GCC_VERSION = com.apple.compilers.llvm.clang.1_0;
				GCC_WARN_ABOUT_MISSING_PROTOTYPES = YES;
				GCC_WARN_ABOUT_RETURN_TYPE = YES;
				GCC_WARN_UNUSED_VARIABLE = YES;
				IPHONEOS_DEPLOYMENT_TARGET = 5.0;
				OTHER_CFLAGS = "-DNS_BLOCK_ASSERTIONS=1";
				SDKROOT = iphoneos;
				VALIDATE_PRODUCT = YES;
			};
			name = Release;
		};
		227F966314DD7235007D9993 /* Debug */ = {
			isa = XCBuildConfiguration;
			buildSettings = {
				GCC_PRECOMPILE_PREFIX_HEADER = YES;
				GCC_PREFIX_HEADER = "BabyNames/BabyNames-Prefix.pch";
				INFOPLIST_FILE = "BabyNames/BabyNames-Info.plist";
				PRODUCT_NAME = "$(TARGET_NAME)";
				WRAPPER_EXTENSION = app;
			};
			name = Debug;
		};
		227F966414DD7235007D9993 /* Release */ = {
			isa = XCBuildConfiguration;
			buildSettings = {
				GCC_PRECOMPILE_PREFIX_HEADER = YES;
				GCC_PREFIX_HEADER = "BabyNames/BabyNames-Prefix.pch";
				INFOPLIST_FILE = "BabyNames/BabyNames-Info.plist";
				PRODUCT_NAME = "$(TARGET_NAME)";
				WRAPPER_EXTENSION = app;
			};
			name = Release;
		};
/* End XCBuildConfiguration section */

/* Begin XCConfigurationList section */
		227F963E14DD7234007D9993 /* Build configuration list for PBXProject "BabyNames" */ = {
			isa = XCConfigurationList;
			buildConfigurations = (
				227F966014DD7235007D9993 /* Debug */,
				227F966114DD7235007D9993 /* Release */,
			);
			defaultConfigurationIsVisible = 0;
			defaultConfigurationName = Release;
		};
		227F966214DD7235007D9993 /* Build configuration list for PBXNativeTarget "BabyNames" */ = {
			isa = XCConfigurationList;
			buildConfigurations = (
				227F966314DD7235007D9993 /* Debug */,
				227F966414DD7235007D9993 /* Release */,
			);
			defaultConfigurationIsVisible = 0;
			defaultConfigurationName = Release;
		};
/* End XCConfigurationList section */
	};
	rootObject = 227F963B14DD7234007D9993 /* Project object */;
}
