// !$*UTF8*$!
{
	archiveVersion = 1;
	classes = {
	};
	objectVersion = 46;
	objects = {

/* Begin PBXBuildFile section */
		2268575C14F4F60E003F19EF /* License.txt in Resources */ = {isa = PBXBuildFile; fileRef = 2268575B14F4F60E003F19EF /* License.txt */; };
		227E4ABA14DEF67A0046078A /* UIKit.framework in Frameworks */ = {isa = PBXBuildFile; fileRef = 227E4AB914DEF67A0046078A /* UIKit.framework */; };
		227E4ABC14DEF67A0046078A /* Foundation.framework in Frameworks */ = {isa = PBXBuildFile; fileRef = 227E4ABB14DEF67A0046078A /* Foundation.framework */; };
		227E4ABE14DEF67A0046078A /* CoreGraphics.framework in Frameworks */ = {isa = PBXBuildFile; fileRef = 227E4ABD14DEF67A0046078A /* CoreGraphics.framework */; };
		227E4AC414DEF67A0046078A /* InfoPlist.strings in Resources */ = {isa = PBXBuildFile; fileRef = 227E4AC214DEF67A0046078A /* InfoPlist.strings */; };
		227E4AC614DEF67A0046078A /* main.m in Sources */ = {isa = PBXBuildFile; fileRef = 227E4AC514DEF67A0046078A /* main.m */; };
		227E4ACA14DEF67A0046078A /* STAppDelegate.m in Sources */ = {isa = PBXBuildFile; fileRef = 227E4AC914DEF67A0046078A /* STAppDelegate.m */; };
		227E4ACD14DEF67A0046078A /* STViewController.m in Sources */ = {isa = PBXBuildFile; fileRef = 227E4ACC14DEF67A0046078A /* STViewController.m */; };
		227E4AD014DEF67A0046078A /* STViewController.xib in Resources */ = {isa = PBXBuildFile; fileRef = 227E4ACE14DEF67A0046078A /* STViewController.xib */; };
/* End PBXBuildFile section */

/* Begin PBXFileReference section */
		2268575B14F4F60E003F19EF /* License.txt */ = {isa = PBXFileReference; fileEncoding = 4; lastKnownFileType = text; path = License.txt; sourceTree = "<group>"; };
		227E4AB514DEF67A0046078A /* SimpleTable.app */ = {isa = PBXFileReference; explicitFileType = wrapper.application; includeInIndex = 0; path = SimpleTable.app; sourceTree = BUILT_PRODUCTS_DIR; };
		227E4AB914DEF67A0046078A /* UIKit.framework */ = {isa = PBXFileReference; lastKnownFileType = wrapper.framework; name = UIKit.framework; path = System/Library/Frameworks/UIKit.framework; sourceTree = SDKROOT; };
		227E4ABB14DEF67A0046078A /* Foundation.framework */ = {isa = PBXFileReference; lastKnownFileType = wrapper.framework; name = Foundation.framework; path = System/Library/Frameworks/Foundation.framework; sourceTree = SDKROOT; };
		227E4ABD14DEF67A0046078A /* CoreGraphics.framework */ = {isa = PBXFileReference; lastKnownFileType = wrapper.framework; name = CoreGraphics.framework; path = System/Library/Frameworks/CoreGraphics.framework; sourceTree = SDKROOT; };
		227E4AC114DEF67A0046078A /* SimpleTable-Info.plist */ = {isa = PBXFileReference; lastKnownFileType = text.plist.xml; path = "SimpleTable-Info.plist"; sourceTree = "<group>"; };
		227E4AC314DEF67A0046078A /* en */ = {isa = PBXFileReference; lastKnownFileType = text.plist.strings; name = en; path = en.lproj/InfoPlist.strings; sourceTree = "<group>"; };
		227E4AC514DEF67A0046078A /* main.m */ = {isa = PBXFileReference; lastKnownFileType = sourcecode.c.objc; path = main.m; sourceTree = "<group>"; };
		227E4AC714DEF67A0046078A /* SimpleTable-Prefix.pch */ = {isa = PBXFileReference; lastKnownFileType = sourcecode.c.h; path = "SimpleTable-Prefix.pch"; sourceTree = "<group>"; };
		227E4AC814DEF67A0046078A /* STAppDelegate.h */ = {isa = PBXFileReference; lastKnownFileType = sourcecode.c.h; path = STAppDelegate.h; sourceTree = "<group>"; };
		227E4AC914DEF67A0046078A /* STAppDelegate.m */ = {isa = PBXFileReference; lastKnownFileType = sourcecode.c.objc; path = STAppDelegate.m; sourceTree = "<group>"; };
		227E4ACB14DEF67A0046078A /* STViewController.h */ = {isa = PBXFileReference; lastKnownFileType = sourcecode.c.h; path = STViewController.h; sourceTree = "<group>"; };
		227E4ACC14DEF67A0046078A /* STViewController.m */ = {isa = PBXFileReference; lastKnownFileType = sourcecode.c.objc; path = STViewController.m; sourceTree = "<group>"; };
		227E4ACF14DEF67A0046078A /* en */ = {isa = PBXFileReference; lastKnownFileType = file.xib; name = en; path = en.lproj/STViewController.xib; sourceTree = "<group>"; };
/* End PBXFileReference section */

/* Begin PBXFrameworksBuildPhase section */
		227E4AB214DEF67A0046078A /* Frameworks */ = {
			isa = PBXFrameworksBuildPhase;
			buildActionMask = 2147483647;
			files = (
				227E4ABA14DEF67A0046078A /* UIKit.framework in Frameworks */,
				227E4ABC14DEF67A0046078A /* Foundation.framework in Frameworks */,
				227E4ABE14DEF67A0046078A /* CoreGraphics.framework in Frameworks */,
			);
			runOnlyForDeploymentPostprocessing = 0;
		};
/* End PBXFrameworksBuildPhase section */

/* Begin PBXGroup section */
		227E4AAA14DEF67A0046078A = {
			isa = PBXGroup;
			children = (
				2268575B14F4F60E003F19EF /* License.txt */,
				227E4ABF14DEF67A0046078A /* SimpleTable */,
				227E4AB814DEF67A0046078A /* Frameworks */,
				227E4AB614DEF67A0046078A /* Products */,
			);
			sourceTree = "<group>";
		};
		227E4AB614DEF67A0046078A /* Products */ = {
			isa = PBXGroup;
			children = (
				227E4AB514DEF67A0046078A /* SimpleTable.app */,
			);
			name = Products;
			sourceTree = "<group>";
		};
		227E4AB814DEF67A0046078A /* Frameworks */ = {
			isa = PBXGroup;
			children = (
				227E4AB914DEF67A0046078A /* UIKit.framework */,
				227E4ABB14DEF67A0046078A /* Foundation.framework */,
				227E4ABD14DEF67A0046078A /* CoreGraphics.framework */,
			);
			name = Frameworks;
			sourceTree = "<group>";
		};
		227E4ABF14DEF67A0046078A /* SimpleTable */ = {
			isa = PBXGroup;
			children = (
				227E4AC814DEF67A0046078A /* STAppDelegate.h */,
				227E4AC914DEF67A0046078A /* STAppDelegate.m */,
				227E4ACB14DEF67A0046078A /* STViewController.h */,
				227E4ACC14DEF67A0046078A /* STViewController.m */,
				227E4ACE14DEF67A0046078A /* STViewController.xib */,
				227E4AC014DEF67A0046078A /* Supporting Files */,
			);
			path = SimpleTable;
			sourceTree = "<group>";
		};
		227E4AC014DEF67A0046078A /* Supporting Files */ = {
			isa = PBXGroup;
			children = (
				227E4AC114DEF67A0046078A /* SimpleTable-Info.plist */,
				227E4AC214DEF67A0046078A /* InfoPlist.strings */,
				227E4AC514DEF67A0046078A /* main.m */,
				227E4AC714DEF67A0046078A /* SimpleTable-Prefix.pch */,
			);
			name = "Supporting Files";
			sourceTree = "<group>";
		};
/* End PBXGroup section */

/* Begin PBXNativeTarget section */
		227E4AB414DEF67A0046078A /* SimpleTable */ = {
			isa = PBXNativeTarget;
			buildConfigurationList = 227E4AD314DEF67A0046078A /* Build configuration list for PBXNativeTarget "SimpleTable" */;
			buildPhases = (
				227E4AB114DEF67A0046078A /* Sources */,
				227E4AB214DEF67A0046078A /* Frameworks */,
				227E4AB314DEF67A0046078A /* Resources */,
			);
			buildRules = (
			);
			dependencies = (
			);
			name = SimpleTable;
			productName = SimpleTable;
			productReference = 227E4AB514DEF67A0046078A /* SimpleTable.app */;
			productType = "com.apple.product-type.application";
		};
/* End PBXNativeTarget section */

/* Begin PBXProject section */
		227E4AAC14DEF67A0046078A /* Project object */ = {
			isa = PBXProject;
			attributes = {
				LastUpgradeCheck = 0420;
			};
			buildConfigurationList = 227E4AAF14DEF67A0046078A /* Build configuration list for PBXProject "SimpleTable" */;
			compatibilityVersion = "Xcode 3.2";
			developmentRegion = English;
			hasScannedForEncodings = 0;
			knownRegions = (
				en,
			);
			mainGroup = 227E4AAA14DEF67A0046078A;
			productRefGroup = 227E4AB614DEF67A0046078A /* Products */;
			projectDirPath = "";
			projectRoot = "";
			targets = (
				227E4AB414DEF67A0046078A /* SimpleTable */,
			);
		};
/* End PBXProject section */

/* Begin PBXResourcesBuildPhase section */
		227E4AB314DEF67A0046078A /* Resources */ = {
			isa = PBXResourcesBuildPhase;
			buildActionMask = 2147483647;
			files = (
				227E4AC414DEF67A0046078A /* InfoPlist.strings in Resources */,
				227E4AD014DEF67A0046078A /* STViewController.xib in Resources */,
				2268575C14F4F60E003F19EF /* License.txt in Resources */,
			);
			runOnlyForDeploymentPostprocessing = 0;
		};
/* End PBXResourcesBuildPhase section */

/* Begin PBXSourcesBuildPhase section */
		227E4AB114DEF67A0046078A /* Sources */ = {
			isa = PBXSourcesBuildPhase;
			buildActionMask = 2147483647;
			files = (
				227E4AC614DEF67A0046078A /* main.m in Sources */,
				227E4ACA14DEF67A0046078A /* STAppDelegate.m in Sources */,
				227E4ACD14DEF67A0046078A /* STViewController.m in Sources */,
			);
			runOnlyForDeploymentPostprocessing = 0;
		};
/* End PBXSourcesBuildPhase section */

/* Begin PBXVariantGroup section */
		227E4AC214DEF67A0046078A /* InfoPlist.strings */ = {
			isa = PBXVariantGroup;
			children = (
				227E4AC314DEF67A0046078A /* en */,
			);
			name = InfoPlist.strings;
			sourceTree = "<group>";
		};
		227E4ACE14DEF67A0046078A /* STViewController.xib */ = {
			isa = PBXVariantGroup;
			children = (
				227E4ACF14DEF67A0046078A /* en */,
			);
			name = STViewController.xib;
			sourceTree = "<group>";
		};
/* End PBXVariantGroup section */

/* Begin XCBuildConfiguration section */
		227E4AD114DEF67A0046078A /* Debug */ = {
			isa = XCBuildConfiguration;
			buildSettings = {
				ALWAYS_SEARCH_USER_PATHS = NO;
				ARCHS = "$(ARCHS_STANDARD_32_BIT)";
				CLANG_ENABLE_OBJC_ARC = YES;
				"CODE_SIGN_IDENTITY[sdk=iphoneos*]" = "";
				COPY_PHASE_STRIP = NO;
				GCC_C_LANGUAGE_STANDARD = gnu99;
				GCC_DYNAMIC_NO_PIC = NO;
				GCC_OPTIMIZATION_LEVEL = 0;
				GCC_PREPROCESSOR_DEFINITIONS = (
					"DEBUG=1",
					"$(inherited)",
				);
				GCC_SYMBOLS_PRIVATE_EXTERN = NO;
				GCC_VERSION = com.apple.compilers.llvm.clang.1_0;
				GCC_WARN_ABOUT_MISSING_PROTOTYPES = YES;
				GCC_WARN_ABOUT_RETURN_TYPE = YES;
				GCC_WARN_UNUSED_VARIABLE = YES;
				IPHONEOS_DEPLOYMENT_TARGET = 5.0;
				SDKROOT = iphoneos;
			};
			name = Debug;
		};
		227E4AD214DEF67A0046078A /* Release */ = {
			isa = XCBuildConfiguration;
			buildSettings = {
				ALWAYS_SEARCH_USER_PATHS = NO;
				ARCHS = "$(ARCHS_STANDARD_32_BIT)";
				CLANG_ENABLE_OBJC_ARC = YES;
				"CODE_SIGN_IDENTITY[sdk=iphoneos*]" = "";
				COPY_PHASE_STRIP = YES;
				GCC_C_LANGUAGE_STANDARD = gnu99;
				GCC_VERSION = com.apple.compilers.llvm.clang.1_0;
				GCC_WARN_ABOUT_MISSING_PROTOTYPES = YES;
				GCC_WARN_ABOUT_RETURN_TYPE = YES;
				GCC_WARN_UNUSED_VARIABLE = YES;
				IPHONEOS_DEPLOYMENT_TARGET = 5.0;
				OTHER_CFLAGS = "-DNS_BLOCK_ASSERTIONS=1";
				SDKROOT = iphoneos;
				VALIDATE_PRODUCT = YES;
			};
			name = Release;
		};
		227E4AD414DEF67A0046078A /* Debug */ = {
			isa = XCBuildConfiguration;
			buildSettings = {
				GCC_PRECOMPILE_PREFIX_HEADER = YES;
				GCC_PREFIX_HEADER = "SimpleTable/SimpleTable-Prefix.pch";
				INFOPLIST_FILE = "SimpleTable/SimpleTable-Info.plist";
				PRODUCT_NAME = "$(TARGET_NAME)";
				WRAPPER_EXTENSION = app;
			};
			name = Debug;
		};
		227E4AD514DEF67A0046078A /* Release */ = {
			isa = XCBuildConfiguration;
			buildSettings = {
				GCC_PRECOMPILE_PREFIX_HEADER = YES;
				GCC_PREFIX_HEADER = "SimpleTable/SimpleTable-Prefix.pch";
				INFOPLIST_FILE = "SimpleTable/SimpleTable-Info.plist";
				PRODUCT_NAME = "$(TARGET_NAME)";
				WRAPPER_EXTENSION = app;
			};
			name = Release;
		};
/* End XCBuildConfiguration section */

/* Begin XCConfigurationList section */
		227E4AAF14DEF67A0046078A /* Build configuration list for PBXProject "SimpleTable" */ = {
			isa = XCConfigurationList;
			buildConfigurations = (
				227E4AD114DEF67A0046078A /* Debug */,
				227E4AD214DEF67A0046078A /* Release */,
			);
			defaultConfigurationIsVisible = 0;
			defaultConfigurationName = Release;
		};
		227E4AD314DEF67A0046078A /* Build configuration list for PBXNativeTarget "SimpleTable" */ = {
			isa = XCConfigurationList;
			buildConfigurations = (
				227E4AD414DEF67A0046078A /* Debug */,
				227E4AD514DEF67A0046078A /* Release */,
			);
			defaultConfigurationIsVisible = 0;
			defaultConfigurationName = Release;
		};
/* End XCConfigurationList section */
	};
	rootObject = 227E4AAC14DEF67A0046078A /* Project object */;
}
